
Microsoft Visual Studio Solution File, Format Version 12.00
# Visual Studio Version 17
VisualStudioVersion = 17.3.32929.385
MinimumVisualStudioVersion = 10.0.40219.1
Project("{FAE04EC0-301F-11D3-BF4B-00C04F79EFBC}") = "MQTT20221113.Publisher", "MQTT20221113.Publisher\MQTT20221113.Publisher.csproj", "{04A171C6-BA94-4C31-A1C6-E9A1B3FF028D}"
EndProject
Project("{FAE04EC0-301F-11D3-BF4B-00C04F79EFBC}") = "MQTT20221113.Subscriber", "MQTT20221113.Subscriber\MQTT20221113.Subscriber.csproj", "{CFF596B2-810A-4FB6-A8A4-D5D881D772E6}"
EndProject
Global
	GlobalSection(SolutionConfigurationPlatforms) = preSolution
		Debug|Any CPU = Debug|Any CPU
		Release|Any CPU = Release|Any CPU
	EndGlobalSection
	GlobalSection(ProjectConfigurationPlatforms) = postSolution
		{04A171C6-BA94-4C31-A1C6-E9A1B3FF028D}.Debug|Any CPU.ActiveCfg = Debug|Any CPU
		{04A171C6-BA94-4C31-A1C6-E9A1B3FF028D}.Debug|Any CPU.Build.0 = Debug|Any CPU
		{04A171C6-BA94-4C31-A1C6-E9A1B3FF028D}.Release|Any CPU.ActiveCfg = Release|Any CPU
		{04A171C6-BA94-4C31-A1C6-E9A1B3FF028D}.Release|Any CPU.Build.0 = Release|Any CPU
		{CFF596B2-810A-4FB6-A8A4-D5D881D772E6}.Debug|Any CPU.ActiveCfg = Debug|Any CPU
		{CFF596B2-810A-4FB6-A8A4-D5D881D772E6}.Debug|Any CPU.Build.0 = Debug|Any CPU
		{CFF596B2-810A-4FB6-A8A4-D5D881D772E6}.Release|Any CPU.ActiveCfg = Release|Any CPU
		{CFF596B2-810A-4FB6-A8A4-D5D881D772E6}.Release|Any CPU.Build.0 = Release|Any CPU
	EndGlobalSection
	GlobalSection(SolutionProperties) = preSolution
		HideSolutionNode = FALSE
	EndGlobalSection
	GlobalSection(ExtensibilityGlobals) = postSolution
		SolutionGuid = {9421D023-3C94-4C32-A74D-EA4D567544CD}
	EndGlobalSection
EndGlobal
